
Microsoft Visual Studio Solution File, Format Version 12.00
# Visual Studio Version 16
VisualStudioVersion = 16.0.30621.155
MinimumVisualStudioVersion = 10.0.40219.1
Project("{FAE04EC0-301F-11D3-BF4B-00C04F79EFBC}") = "PortScanner", "PortScanner\PortScanner.csproj", "{DAA864A3-4BAC-4C6B-8F8F-90A840D1D497}"
EndProject
Global
	GlobalSection(SolutionConfigurationPlatforms) = preSolution
		Debug|Any CPU = Debug|Any CPU
		Release|Any CPU = Release|Any CPU
	EndGlobalSection
	GlobalSection(ProjectConfigurationPlatforms) = postSolution
		{DAA864A3-4BAC-4C6B-8F8F-90A840D1D497}.Debug|Any CPU.ActiveCfg = Debug|Any CPU
		{DAA864A3-4BAC-4C6B-8F8F-90A840D1D497}.Debug|Any CPU.Build.0 = Debug|Any CPU
		{DAA864A3-4BAC-4C6B-8F8F-90A840D1D497}.Release|Any CPU.ActiveCfg = Release|Any CPU
		{DAA864A3-4BAC-4C6B-8F8F-90A840D1D497}.Release|Any CPU.Build.0 = Release|Any CPU
	EndGlobalSection
	GlobalSection(SolutionProperties) = preSolution
		HideSolutionNode = FALSE
	EndGlobalSection
	GlobalSection(ExtensibilityGlobals) = postSolution
		SolutionGuid = {850C3A01-B0A9-4230-B89A-ADCD5E3121BC}
	EndGlobalSection
EndGlobal
